
Microsoft Visual Studio Solution File, Format Version 12.00
# Visual Studio 15
VisualStudioVersion = 15.0.28307.539
MinimumVisualStudioVersion = 10.0.40219.1
Project("{9A19103F-16F7-4668-BE54-9A1E7A4F7556}") = "WingsOn.Api", "WingsOn.Api\WingsOn.Api.csproj", "{D0B8840A-48FC-4611-8248-7C9B58BAC510}"
EndProject
Project("{9A19103F-16F7-4668-BE54-9A1E7A4F7556}") = "WingsOn.Dal", "WingsOn.Dal\WingsOn.Dal.csproj", "{E25BE35C-C37E-43A8-B171-98930BC53315}"
EndProject
Project("{9A19103F-16F7-4668-BE54-9A1E7A4F7556}") = "WingsOn.Domain", "WingsOn.Domain\WingsOn.Domain.csproj", "{4F8EDD02-A3D5-440A-A865-4D4CA1CDEDDC}"
EndProject
Project("{9A19103F-16F7-4668-BE54-9A1E7A4F7556}") = "WingsOn.Api.Contracts", "WingsOn.Api.Contracts\WingsOn.Api.Contracts.csproj", "{5B8ED28F-8D2E-4F86-91BE-CDAC8B87EDE4}"
EndProject
Project("{FAE04EC0-301F-11D3-BF4B-00C04F79EFBC}") = "WingsOn.Api.Services", "WingsOn.Api.Services\WingsOn.Api.Services.csproj", "{950A7885-0BC4-4516-8B95-ED2FC26961EE}"
EndProject
Project("{FAE04EC0-301F-11D3-BF4B-00C04F79EFBC}") = "WingsOn.Common", "WingsOn.Common\WingsOn.Common.csproj", "{97A1021B-9C7E-4A13-A169-D762B37FB821}"
EndProject
Global
	GlobalSection(SolutionConfigurationPlatforms) = preSolution
		Debug|Any CPU = Debug|Any CPU
		Release|Any CPU = Release|Any CPU
	EndGlobalSection
	GlobalSection(ProjectConfigurationPlatforms) = postSolution
		{D0B8840A-48FC-4611-8248-7C9B58BAC510}.Debug|Any CPU.ActiveCfg = Debug|Any CPU
		{D0B8840A-48FC-4611-8248-7C9B58BAC510}.Debug|Any CPU.Build.0 = Debug|Any CPU
		{D0B8840A-48FC-4611-8248-7C9B58BAC510}.Release|Any CPU.ActiveCfg = Release|Any CPU
		{D0B8840A-48FC-4611-8248-7C9B58BAC510}.Release|Any CPU.Build.0 = Release|Any CPU
		{E25BE35C-C37E-43A8-B171-98930BC53315}.Debug|Any CPU.ActiveCfg = Debug|Any CPU
		{E25BE35C-C37E-43A8-B171-98930BC53315}.Debug|Any CPU.Build.0 = Debug|Any CPU
		{E25BE35C-C37E-43A8-B171-98930BC53315}.Release|Any CPU.ActiveCfg = Release|Any CPU
		{E25BE35C-C37E-43A8-B171-98930BC53315}.Release|Any CPU.Build.0 = Release|Any CPU
		{4F8EDD02-A3D5-440A-A865-4D4CA1CDEDDC}.Debug|Any CPU.ActiveCfg = Debug|Any CPU
		{4F8EDD02-A3D5-440A-A865-4D4CA1CDEDDC}.Debug|Any CPU.Build.0 = Debug|Any CPU
		{4F8EDD02-A3D5-440A-A865-4D4CA1CDEDDC}.Release|Any CPU.ActiveCfg = Release|Any CPU
		{4F8EDD02-A3D5-440A-A865-4D4CA1CDEDDC}.Release|Any CPU.Build.0 = Release|Any CPU
		{5B8ED28F-8D2E-4F86-91BE-CDAC8B87EDE4}.Debug|Any CPU.ActiveCfg = Debug|Any CPU
		{5B8ED28F-8D2E-4F86-91BE-CDAC8B87EDE4}.Debug|Any CPU.Build.0 = Debug|Any CPU
		{5B8ED28F-8D2E-4F86-91BE-CDAC8B87EDE4}.Release|Any CPU.ActiveCfg = Release|Any CPU
		{5B8ED28F-8D2E-4F86-91BE-CDAC8B87EDE4}.Release|Any CPU.Build.0 = Release|Any CPU
		{950A7885-0BC4-4516-8B95-ED2FC26961EE}.Debug|Any CPU.ActiveCfg = Debug|Any CPU
		{950A7885-0BC4-4516-8B95-ED2FC26961EE}.Debug|Any CPU.Build.0 = Debug|Any CPU
		{950A7885-0BC4-4516-8B95-ED2FC26961EE}.Release|Any CPU.ActiveCfg = Release|Any CPU
		{950A7885-0BC4-4516-8B95-ED2FC26961EE}.Release|Any CPU.Build.0 = Release|Any CPU
		{97A1021B-9C7E-4A13-A169-D762B37FB821}.Debug|Any CPU.ActiveCfg = Debug|Any CPU
		{97A1021B-9C7E-4A13-A169-D762B37FB821}.Debug|Any CPU.Build.0 = Debug|Any CPU
		{97A1021B-9C7E-4A13-A169-D762B37FB821}.Release|Any CPU.ActiveCfg = Release|Any CPU
		{97A1021B-9C7E-4A13-A169-D762B37FB821}.Release|Any CPU.Build.0 = Release|Any CPU
	EndGlobalSection
	GlobalSection(SolutionProperties) = preSolution
		HideSolutionNode = FALSE
	EndGlobalSection
	GlobalSection(ExtensibilityGlobals) = postSolution
		SolutionGuid = {FD47E4B4-D99E-4737-A60A-6ED7F262CCA4}
	EndGlobalSection
EndGlobal
